
Microsoft Visual Studio Solution File, Format Version 12.00
# Visual Studio 2012
Project("{FAE04EC0-301F-11D3-BF4B-00C04F79EFBC}") = "COPY", "WindowsFormsApplication8\COPY.csproj", "{8B629695-F974-486C-B5C8-90602FF4FE1B}"
EndProject
Global
	GlobalSection(SolutionConfigurationPlatforms) = preSolution
		Debug|Any CPU = Debug|Any CPU
		Release|Any CPU = Release|Any CPU
	EndGlobalSection
	GlobalSection(ProjectConfigurationPlatforms) = postSolution
		{8B629695-F974-486C-B5C8-90602FF4FE1B}.Debug|Any CPU.ActiveCfg = Debug|Any CPU
		{8B629695-F974-486C-B5C8-90602FF4FE1B}.Debug|Any CPU.Build.0 = Debug|Any CPU
		{8B629695-F974-486C-B5C8-90602FF4FE1B}.Release|Any CPU.ActiveCfg = Release|Any CPU
		{8B629695-F974-486C-B5C8-90602FF4FE1B}.Release|Any CPU.Build.0 = Release|Any CPU
	EndGlobalSection
	GlobalSection(SolutionProperties) = preSolution
		HideSolutionNode = FALSE
	EndGlobalSection
EndGlobal
